
Microsoft Visual Studio Solution File, Format Version 12.00
# Visual Studio Version 16
VisualStudioVersion = 16.0.30413.136
MinimumVisualStudioVersion = 10.0.40219.1
Project("{FAE04EC0-301F-11D3-BF4B-00C04F79EFBC}") = "StockManagement", "StockManagement\StockManagement.csproj", "{BF7B609F-7848-479D-BBC1-8C559ECB7170}"
EndProject
Global
	GlobalSection(SolutionConfigurationPlatforms) = preSolution
		Debug|Any CPU = Debug|Any CPU
		Release|Any CPU = Release|Any CPU
	EndGlobalSection
	GlobalSection(ProjectConfigurationPlatforms) = postSolution
		{BF7B609F-7848-479D-BBC1-8C559ECB7170}.Debug|Any CPU.ActiveCfg = Debug|Any CPU
		{BF7B609F-7848-479D-BBC1-8C559ECB7170}.Debug|Any CPU.Build.0 = Debug|Any CPU
		{BF7B609F-7848-479D-BBC1-8C559ECB7170}.Release|Any CPU.ActiveCfg = Release|Any CPU
		{BF7B609F-7848-479D-BBC1-8C559ECB7170}.Release|Any CPU.Build.0 = Release|Any CPU
	EndGlobalSection
	GlobalSection(SolutionProperties) = preSolution
		HideSolutionNode = FALSE
	EndGlobalSection
	GlobalSection(ExtensibilityGlobals) = postSolution
		SolutionGuid = {E001784A-0128-4A6E-9D1E-523445ED40D0}
	EndGlobalSection
EndGlobal
